
Microsoft Visual Studio Solution File, Format Version 12.00
# Visual Studio Version 16
VisualStudioVersion = 16.0.31205.134
MinimumVisualStudioVersion = 10.0.40219.1
Project("{8BC9CEB8-8B4A-11D0-8D11-00A0C91BC942}") = "SectionA_20L1266_A5", "SectionA_20L1266_A5.vcxproj", "{0069C886-95FF-4B01-9766-0AB518118569}"
EndProject
Global
	GlobalSection(SolutionConfigurationPlatforms) = preSolution
		Debug|x64 = Debug|x64
		Debug|x86 = Debug|x86
		Release|x64 = Release|x64
		Release|x86 = Release|x86
	EndGlobalSection
	GlobalSection(ProjectConfigurationPlatforms) = postSolution
		{0069C886-95FF-4B01-9766-0AB518118569}.Debug|x64.ActiveCfg = Debug|x64
		{0069C886-95FF-4B01-9766-0AB518118569}.Debug|x64.Build.0 = Debug|x64
		{0069C886-95FF-4B01-9766-0AB518118569}.Debug|x86.ActiveCfg = Debug|Win32
		{0069C886-95FF-4B01-9766-0AB518118569}.Debug|x86.Build.0 = Debug|Win32
		{0069C886-95FF-4B01-9766-0AB518118569}.Release|x64.ActiveCfg = Release|x64
		{0069C886-95FF-4B01-9766-0AB518118569}.Release|x64.Build.0 = Release|x64
		{0069C886-95FF-4B01-9766-0AB518118569}.Release|x86.ActiveCfg = Release|Win32
		{0069C886-95FF-4B01-9766-0AB518118569}.Release|x86.Build.0 = Release|Win32
	EndGlobalSection
	GlobalSection(SolutionProperties) = preSolution
		HideSolutionNode = FALSE
	EndGlobalSection
	GlobalSection(ExtensibilityGlobals) = postSolution
		SolutionGuid = {A8A76735-8261-4E4D-A888-1DF9E9E0F2F8}
	EndGlobalSection
EndGlobal
